// !$*UTF8*$!
{
	archiveVersion = 1;
	classes = {
	};
	objectVersion = 56;
	objects = {

/* Begin PBXBuildFile section */
		5CD2D1C42AE100EE004D3D43 /* ThiefPoliceGameApp.swift in Sources */ = {isa = PBXBuildFile; fileRef = 5CD2D1C32AE100EE004D3D43 /* ThiefPoliceGameApp.swift */; };
		5CD2D1C62AE100EE004D3D43 /* ContentView.swift in Sources */ = {isa = PBXBuildFile; fileRef = 5CD2D1C52AE100EE004D3D43 /* ContentView.swift */; };
		5CD2D1C82AE100F0004D3D43 /* Assets.xcassets in Resources */ = {isa = PBXBuildFile; fileRef = 5CD2D1C72AE100F0004D3D43 /* Assets.xcassets */; };
		5CD2D1CC2AE100F0004D3D43 /* Preview Assets.xcassets in Resources */ = {isa = PBXBuildFile; fileRef = 5CD2D1CB2AE100F0004D3D43 /* Preview Assets.xcassets */; };
		5CD2D1D62AE100F0004D3D43 /* ThiefPoliceGameTests.swift in Sources */ = {isa = PBXBuildFile; fileRef = 5CD2D1D52AE100F0004D3D43 /* ThiefPoliceGameTests.swift */; };
		5CD2D1E02AE100F0004D3D43 /* ThiefPoliceGameUITests.swift in Sources */ = {isa = PBXBuildFile; fileRef = 5CD2D1DF2AE100F0004D3D43 /* ThiefPoliceGameUITests.swift */; };
		5CD2D1E22AE100F0004D3D43 /* ThiefPoliceGameUITestsLaunchTests.swift in Sources */ = {isa = PBXBuildFile; fileRef = 5CD2D1E12AE100F0004D3D43 /* ThiefPoliceGameUITestsLaunchTests.swift */; };
/* End PBXBuildFile section */

/* Begin PBXContainerItemProxy section */
		5CD2D1D22AE100F0004D3D43 /* PBXContainerItemProxy */ = {
			isa = PBXContainerItemProxy;
			containerPortal = 5CD2D1B82AE100EE004D3D43 /* Project object */;
			proxyType = 1;
			remoteGlobalIDString = 5CD2D1BF2AE100EE004D3D43;
			remoteInfo = ThiefPoliceGame;
		};
		5CD2D1DC2AE100F0004D3D43 /* PBXContainerItemProxy */ = {
			isa = PBXContainerItemProxy;
			containerPortal = 5CD2D1B82AE100EE004D3D43 /* Project object */;
			proxyType = 1;
			remoteGlobalIDString = 5CD2D1BF2AE100EE004D3D43;
			remoteInfo = ThiefPoliceGame;
		};
/* End PBXContainerItemProxy section */

/* Begin PBXFileReference section */
		5CD2D1C02AE100EE004D3D43 /* ThiefPoliceGame.app */ = {isa = PBXFileReference; explicitFileType = wrapper.application; includeInIndex = 0; path = ThiefPoliceGame.app; sourceTree = BUILT_PRODUCTS_DIR; };
		5CD2D1C32AE100EE004D3D43 /* ThiefPoliceGameApp.swift */ = {isa = PBXFileReference; lastKnownFileType = sourcecode.swift; path = ThiefPoliceGameApp.swift; sourceTree = "<group>"; };
		5CD2D1C52AE100EE004D3D43 /* ContentView.swift */ = {isa = PBXFileReference; lastKnownFileType = sourcecode.swift; path = ContentView.swift; sourceTree = "<group>"; };
		5CD2D1C72AE100F0004D3D43 /* Assets.xcassets */ = {isa = PBXFileReference; lastKnownFileType = folder.assetcatalog; path = Assets.xcassets; sourceTree = "<group>"; };
		5CD2D1C92AE100F0004D3D43 /* ThiefPoliceGame.entitlements */ = {isa = PBXFileReference; lastKnownFileType = text.plist.entitlements; path = ThiefPoliceGame.entitlements; sourceTree = "<group>"; };
		5CD2D1CB2AE100F0004D3D43 /* Preview Assets.xcassets */ = {isa = PBXFileReference; lastKnownFileType = folder.assetcatalog; path = "Preview Assets.xcassets"; sourceTree = "<group>"; };
		5CD2D1D12AE100F0004D3D43 /* ThiefPoliceGameTests.xctest */ = {isa = PBXFileReference; explicitFileType = wrapper.cfbundle; includeInIndex = 0; path = ThiefPoliceGameTests.xctest; sourceTree = BUILT_PRODUCTS_DIR; };
		5CD2D1D52AE100F0004D3D43 /* ThiefPoliceGameTests.swift */ = {isa = PBXFileReference; lastKnownFileType = sourcecode.swift; path = ThiefPoliceGameTests.swift; sourceTree = "<group>"; };
		5CD2D1DB2AE100F0004D3D43 /* ThiefPoliceGameUITests.xctest */ = {isa = PBXFileReference; explicitFileType = wrapper.cfbundle; includeInIndex = 0; path = ThiefPoliceGameUITests.xctest; sourceTree = BUILT_PRODUCTS_DIR; };
		5CD2D1DF2AE100F0004D3D43 /* ThiefPoliceGameUITests.swift */ = {isa = PBXFileReference; lastKnownFileType = sourcecode.swift; path = ThiefPoliceGameUITests.swift; sourceTree = "<group>"; };
		5CD2D1E12AE100F0004D3D43 /* ThiefPoliceGameUITestsLaunchTests.swift */ = {isa = PBXFileReference; lastKnownFileType = sourcecode.swift; path = ThiefPoliceGameUITestsLaunchTests.swift; sourceTree = "<group>"; };
/* End PBXFileReference section */

/* Begin PBXFrameworksBuildPhase section */
		5CD2D1BD2AE100EE004D3D43 /* Frameworks */ = {
			isa = PBXFrameworksBuildPhase;
			buildActionMask = 2147483647;
			files = (
			);
			runOnlyForDeploymentPostprocessing = 0;
		};
		5CD2D1CE2AE100F0004D3D43 /* Frameworks */ = {
			isa = PBXFrameworksBuildPhase;
			buildActionMask = 2147483647;
			files = (
			);
			runOnlyForDeploymentPostprocessing = 0;
		};
		5CD2D1D82AE100F0004D3D43 /* Frameworks */ = {
			isa = PBXFrameworksBuildPhase;
			buildActionMask = 2147483647;
			files = (
			);
			runOnlyForDeploymentPostprocessing = 0;
		};
/* End PBXFrameworksBuildPhase section */

/* Begin PBXGroup section */
		5CD2D1B72AE100EE004D3D43 = {
			isa = PBXGroup;
			children = (
				5CD2D1C22AE100EE004D3D43 /* ThiefPoliceGame */,
				5CD2D1D42AE100F0004D3D43 /* ThiefPoliceGameTests */,
				5CD2D1DE2AE100F0004D3D43 /* ThiefPoliceGameUITests */,
				5CD2D1C12AE100EE004D3D43 /* Products */,
			);
			sourceTree = "<group>";
		};
		5CD2D1C12AE100EE004D3D43 /* Products */ = {
			isa = PBXGroup;
			children = (
				5CD2D1C02AE100EE004D3D43 /* ThiefPoliceGame.app */,
				5CD2D1D12AE100F0004D3D43 /* ThiefPoliceGameTests.xctest */,
				5CD2D1DB2AE100F0004D3D43 /* ThiefPoliceGameUITests.xctest */,
			);
			name = Products;
			sourceTree = "<group>";
		};
		5CD2D1C22AE100EE004D3D43 /* ThiefPoliceGame */ = {
			isa = PBXGroup;
			children = (
				5CD2D1C32AE100EE004D3D43 /* ThiefPoliceGameApp.swift */,
				5CD2D1C52AE100EE004D3D43 /* ContentView.swift */,
				5CD2D1C72AE100F0004D3D43 /* Assets.xcassets */,
				5CD2D1C92AE100F0004D3D43 /* ThiefPoliceGame.entitlements */,
				5CD2D1CA2AE100F0004D3D43 /* Preview Content */,
			);
			path = ThiefPoliceGame;
			sourceTree = "<group>";
		};
		5CD2D1CA2AE100F0004D3D43 /* Preview Content */ = {
			isa = PBXGroup;
			children = (
				5CD2D1CB2AE100F0004D3D43 /* Preview Assets.xcassets */,
			);
			path = "Preview Content";
			sourceTree = "<group>";
		};
		5CD2D1D42AE100F0004D3D43 /* ThiefPoliceGameTests */ = {
			isa = PBXGroup;
			children = (
				5CD2D1D52AE100F0004D3D43 /* ThiefPoliceGameTests.swift */,
			);
			path = ThiefPoliceGameTests;
			sourceTree = "<group>";
		};
		5CD2D1DE2AE100F0004D3D43 /* ThiefPoliceGameUITests */ = {
			isa = PBXGroup;
			children = (
				5CD2D1DF2AE100F0004D3D43 /* ThiefPoliceGameUITests.swift */,
				5CD2D1E12AE100F0004D3D43 /* ThiefPoliceGameUITestsLaunchTests.swift */,
			);
			path = ThiefPoliceGameUITests;
			sourceTree = "<group>";
		};
/* End PBXGroup section */

/* Begin PBXNativeTarget section */
		5CD2D1BF2AE100EE004D3D43 /* ThiefPoliceGame */ = {
			isa = PBXNativeTarget;
			buildConfigurationList = 5CD2D1E52AE100F0004D3D43 /* Build configuration list for PBXNativeTarget "ThiefPoliceGame" */;
			buildPhases = (
				5CD2D1BC2AE100EE004D3D43 /* Sources */,
				5CD2D1BD2AE100EE004D3D43 /* Frameworks */,
				5CD2D1BE2AE100EE004D3D43 /* Resources */,
			);
			buildRules = (
			);
			dependencies = (
			);
			name = ThiefPoliceGame;
			productName = ThiefPoliceGame;
			productReference = 5CD2D1C02AE100EE004D3D43 /* ThiefPoliceGame.app */;
			productType = "com.apple.product-type.application";
		};
		5CD2D1D02AE100F0004D3D43 /* ThiefPoliceGameTests */ = {
			isa = PBXNativeTarget;
			buildConfigurationList = 5CD2D1E82AE100F0004D3D43 /* Build configuration list for PBXNativeTarget "ThiefPoliceGameTests" */;
			buildPhases = (
				5CD2D1CD2AE100F0004D3D43 /* Sources */,
				5CD2D1CE2AE100F0004D3D43 /* Frameworks */,
				5CD2D1CF2AE100F0004D3D43 /* Resources */,
			);
			buildRules = (
			);
			dependencies = (
				5CD2D1D32AE100F0004D3D43 /* PBXTargetDependency */,
			);
			name = ThiefPoliceGameTests;
			productName = ThiefPoliceGameTests;
			productReference = 5CD2D1D12AE100F0004D3D43 /* ThiefPoliceGameTests.xctest */;
			productType = "com.apple.product-type.bundle.unit-test";
		};
		5CD2D1DA2AE100F0004D3D43 /* ThiefPoliceGameUITests */ = {
			isa = PBXNativeTarget;
			buildConfigurationList = 5CD2D1EB2AE100F0004D3D43 /* Build configuration list for PBXNativeTarget "ThiefPoliceGameUITests" */;
			buildPhases = (
				5CD2D1D72AE100F0004D3D43 /* Sources */,
				5CD2D1D82AE100F0004D3D43 /* Frameworks */,
				5CD2D1D92AE100F0004D3D43 /* Resources */,
			);
			buildRules = (
			);
			dependencies = (
				5CD2D1DD2AE100F0004D3D43 /* PBXTargetDependency */,
			);
			name = ThiefPoliceGameUITests;
			productName = ThiefPoliceGameUITests;
			productReference = 5CD2D1DB2AE100F0004D3D43 /* ThiefPoliceGameUITests.xctest */;
			productType = "com.apple.product-type.bundle.ui-testing";
		};
/* End PBXNativeTarget section */

/* Begin PBXProject section */
		5CD2D1B82AE100EE004D3D43 /* Project object */ = {
			isa = PBXProject;
			attributes = {
				BuildIndependentTargetsInParallel = 1;
				LastSwiftUpdateCheck = 1500;
				LastUpgradeCheck = 1500;
				TargetAttributes = {
					5CD2D1BF2AE100EE004D3D43 = {
						CreatedOnToolsVersion = 15.0;
					};
					5CD2D1D02AE100F0004D3D43 = {
						CreatedOnToolsVersion = 15.0;
						TestTargetID = 5CD2D1BF2AE100EE004D3D43;
					};
					5CD2D1DA2AE100F0004D3D43 = {
						CreatedOnToolsVersion = 15.0;
						TestTargetID = 5CD2D1BF2AE100EE004D3D43;
					};
				};
			};
			buildConfigurationList = 5CD2D1BB2AE100EE004D3D43 /* Build configuration list for PBXProject "ThiefPoliceGame" */;
			compatibilityVersion = "Xcode 14.0";
			developmentRegion = en;
			hasScannedForEncodings = 0;
			knownRegions = (
				en,
				Base,
			);
			mainGroup = 5CD2D1B72AE100EE004D3D43;
			productRefGroup = 5CD2D1C12AE100EE004D3D43 /* Products */;
			projectDirPath = "";
			projectRoot = "";
			targets = (
				5CD2D1BF2AE100EE004D3D43 /* ThiefPoliceGame */,
				5CD2D1D02AE100F0004D3D43 /* ThiefPoliceGameTests */,
				5CD2D1DA2AE100F0004D3D43 /* ThiefPoliceGameUITests */,
			);
		};
/* End PBXProject section */

/* Begin PBXResourcesBuildPhase section */
		5CD2D1BE2AE100EE004D3D43 /* Resources */ = {
			isa = PBXResourcesBuildPhase;
			buildActionMask = 2147483647;
			files = (
				5CD2D1CC2AE100F0004D3D43 /* Preview Assets.xcassets in Resources */,
				5CD2D1C82AE100F0004D3D43 /* Assets.xcassets in Resources */,
			);
			runOnlyForDeploymentPostprocessing = 0;
		};
		5CD2D1CF2AE100F0004D3D43 /* Resources */ = {
			isa = PBXResourcesBuildPhase;
			buildActionMask = 2147483647;
			files = (
			);
			runOnlyForDeploymentPostprocessing = 0;
		};
		5CD2D1D92AE100F0004D3D43 /* Resources */ = {
			isa = PBXResourcesBuildPhase;
			buildActionMask = 2147483647;
			files = (
			);
			runOnlyForDeploymentPostprocessing = 0;
		};
/* End PBXResourcesBuildPhase section */

/* Begin PBXSourcesBuildPhase section */
		5CD2D1BC2AE100EE004D3D43 /* Sources */ = {
			isa = PBXSourcesBuildPhase;
			buildActionMask = 2147483647;
			files = (
				5CD2D1C62AE100EE004D3D43 /* ContentView.swift in Sources */,
				5CD2D1C42AE100EE004D3D43 /* ThiefPoliceGameApp.swift in Sources */,
			);
			runOnlyForDeploymentPostprocessing = 0;
		};
		5CD2D1CD2AE100F0004D3D43 /* Sources */ = {
			isa = PBXSourcesBuildPhase;
			buildActionMask = 2147483647;
			files = (
				5CD2D1D62AE100F0004D3D43 /* ThiefPoliceGameTests.swift in Sources */,
			);
			runOnlyForDeploymentPostprocessing = 0;
		};
		5CD2D1D72AE100F0004D3D43 /* Sources */ = {
			isa = PBXSourcesBuildPhase;
			buildActionMask = 2147483647;
			files = (
				5CD2D1E02AE100F0004D3D43 /* ThiefPoliceGameUITests.swift in Sources */,
				5CD2D1E22AE100F0004D3D43 /* ThiefPoliceGameUITestsLaunchTests.swift in Sources */,
			);
			runOnlyForDeploymentPostprocessing = 0;
		};
/* End PBXSourcesBuildPhase section */

/* Begin PBXTargetDependency section */
		5CD2D1D32AE100F0004D3D43 /* PBXTargetDependency */ = {
			isa = PBXTargetDependency;
			target = 5CD2D1BF2AE100EE004D3D43 /* ThiefPoliceGame */;
			targetProxy = 5CD2D1D22AE100F0004D3D43 /* PBXContainerItemProxy */;
		};
		5CD2D1DD2AE100F0004D3D43 /* PBXTargetDependency */ = {
			isa = PBXTargetDependency;
			target = 5CD2D1BF2AE100EE004D3D43 /* ThiefPoliceGame */;
			targetProxy = 5CD2D1DC2AE100F0004D3D43 /* PBXContainerItemProxy */;
		};
/* End PBXTargetDependency section */

/* Begin XCBuildConfiguration section */
		5CD2D1E32AE100F0004D3D43 /* Debug */ = {
			isa = XCBuildConfiguration;
			buildSettings = {
				ALWAYS_SEARCH_USER_PATHS = NO;
				ASSETCATALOG_COMPILER_GENERATE_SWIFT_ASSET_SYMBOL_EXTENSIONS = YES;
				CLANG_ANALYZER_NONNULL = YES;
				CLANG_ANALYZER_NUMBER_OBJECT_CONVERSION = YES_AGGRESSIVE;
				CLANG_CXX_LANGUAGE_STANDARD = "gnu++20";
				CLANG_ENABLE_MODULES = YES;
				CLANG_ENABLE_OBJC_ARC = YES;
				CLANG_ENABLE_OBJC_WEAK = YES;
				CLANG_WARN_BLOCK_CAPTURE_AUTORELEASING = YES;
				CLANG_WARN_BOOL_CONVERSION = YES;
				CLANG_WARN_COMMA = YES;
				CLANG_WARN_CONSTANT_CONVERSION = YES;
				CLANG_WARN_DEPRECATED_OBJC_IMPLEMENTATIONS = YES;
				CLANG_WARN_DIRECT_OBJC_ISA_USAGE = YES_ERROR;
				CLANG_WARN_DOCUMENTATION_COMMENTS = YES;
				CLANG_WARN_EMPTY_BODY = YES;
				CLANG_WARN_ENUM_CONVERSION = YES;
				CLANG_WARN_INFINITE_RECURSION = YES;
				CLANG_WARN_INT_CONVERSION = YES;
				CLANG_WARN_NON_LITERAL_NULL_CONVERSION = YES;
				CLANG_WARN_OBJC_IMPLICIT_RETAIN_SELF = YES;
				CLANG_WARN_OBJC_LITERAL_CONVERSION = YES;
				CLANG_WARN_OBJC_ROOT_CLASS = YES_ERROR;
				CLANG_WARN_QUOTED_INCLUDE_IN_FRAMEWORK_HEADER = YES;
				CLANG_WARN_RANGE_LOOP_ANALYSIS = YES;
				CLANG_WARN_STRICT_PROTOTYPES = YES;
				CLANG_WARN_SUSPICIOUS_MOVE = YES;
				CLANG_WARN_UNGUARDED_AVAILABILITY = YES_AGGRESSIVE;
				CLANG_WARN_UNREACHABLE_CODE = YES;
				CLANG_WARN__DUPLICATE_METHOD_MATCH = YES;
				COPY_PHASE_STRIP = NO;
				DEBUG_INFORMATION_FORMAT = dwarf;
				ENABLE_STRICT_OBJC_MSGSEND = YES;
				ENABLE_TESTABILITY = YES;
				ENABLE_USER_SCRIPT_SANDBOXING = YES;
				GCC_C_LANGUAGE_STANDARD = gnu17;
				GCC_DYNAMIC_NO_PIC = NO;
				GCC_NO_COMMON_BLOCKS = YES;
				GCC_OPTIMIZATION_LEVEL = 0;
				GCC_PREPROCESSOR_DEFINITIONS = (
					"DEBUG=1",
					"$(inherited)",
				);
				GCC_WARN_64_TO_32_BIT_CONVERSION = YES;
				GCC_WARN_ABOUT_RETURN_TYPE = YES_ERROR;
				GCC_WARN_UNDECLARED_SELECTOR = YES;
				GCC_WARN_UNINITIALIZED_AUTOS = YES_AGGRESSIVE;
				GCC_WARN_UNUSED_FUNCTION = YES;
				GCC_WARN_UNUSED_VARIABLE = YES;
				LOCALIZATION_PREFERS_STRING_CATALOGS = YES;
				MTL_ENABLE_DEBUG_INFO = INCLUDE_SOURCE;
				MTL_FAST_MATH = YES;
				ONLY_ACTIVE_ARCH = YES;
				SWIFT_ACTIVE_COMPILATION_CONDITIONS = "DEBUG $(inherited)";
				SWIFT_OPTIMIZATION_LEVEL = "-Onone";
			};
			name = Debug;
		};
		5CD2D1E42AE100F0004D3D43 /* Release */ = {
			isa = XCBuildConfiguration;
			buildSettings = {
				ALWAYS_SEARCH_USER_PATHS = NO;
				ASSETCATALOG_COMPILER_GENERATE_SWIFT_ASSET_SYMBOL_EXTENSIONS = YES;
				CLANG_ANALYZER_NONNULL = YES;
				CLANG_ANALYZER_NUMBER_OBJECT_CONVERSION = YES_AGGRESSIVE;
				CLANG_CXX_LANGUAGE_STANDARD = "gnu++20";
				CLANG_ENABLE_MODULES = YES;
				CLANG_ENABLE_OBJC_ARC = YES;
				CLANG_ENABLE_OBJC_WEAK = YES;
				CLANG_WARN_BLOCK_CAPTURE_AUTORELEASING = YES;
				CLANG_WARN_BOOL_CONVERSION = YES;
				CLANG_WARN_COMMA = YES;
				CLANG_WARN_CONSTANT_CONVERSION = YES;
				CLANG_WARN_DEPRECATED_OBJC_IMPLEMENTATIONS = YES;
				CLANG_WARN_DIRECT_OBJC_ISA_USAGE = YES_ERROR;
				CLANG_WARN_DOCUMENTATION_COMMENTS = YES;
				CLANG_WARN_EMPTY_BODY = YES;
				CLANG_WARN_ENUM_CONVERSION = YES;
				CLANG_WARN_INFINITE_RECURSION = YES;
				CLANG_WARN_INT_CONVERSION = YES;
				CLANG_WARN_NON_LITERAL_NULL_CONVERSION = YES;
				CLANG_WARN_OBJC_IMPLICIT_RETAIN_SELF = YES;
				CLANG_WARN_OBJC_LITERAL_CONVERSION = YES;
				CLANG_WARN_OBJC_ROOT_CLASS = YES_ERROR;
				CLANG_WARN_QUOTED_INCLUDE_IN_FRAMEWORK_HEADER = YES;
				CLANG_WARN_RANGE_LOOP_ANALYSIS = YES;
				CLANG_WARN_STRICT_PROTOTYPES = YES;
				CLANG_WARN_SUSPICIOUS_MOVE = YES;
				CLANG_WARN_UNGUARDED_AVAILABILITY = YES_AGGRESSIVE;
				CLANG_WARN_UNREACHABLE_CODE = YES;
				CLANG_WARN__DUPLICATE_METHOD_MATCH = YES;
				COPY_PHASE_STRIP = NO;
				DEBUG_INFORMATION_FORMAT = "dwarf-with-dsym";
				ENABLE_NS_ASSERTIONS = NO;
				ENABLE_STRICT_OBJC_MSGSEND = YES;
				ENABLE_USER_SCRIPT_SANDBOXING = YES;
				GCC_C_LANGUAGE_STANDARD = gnu17;
				GCC_NO_COMMON_BLOCKS = YES;
				GCC_WARN_64_TO_32_BIT_CONVERSION = YES;
				GCC_WARN_ABOUT_RETURN_TYPE = YES_ERROR;
				GCC_WARN_UNDECLARED_SELECTOR = YES;
				GCC_WARN_UNINITIALIZED_AUTOS = YES_AGGRESSIVE;
				GCC_WARN_UNUSED_FUNCTION = YES;
				GCC_WARN_UNUSED_VARIABLE = YES;
				LOCALIZATION_PREFERS_STRING_CATALOGS = YES;
				MTL_ENABLE_DEBUG_INFO = NO;
				MTL_FAST_MATH = YES;
				SWIFT_COMPILATION_MODE = wholemodule;
			};
			name = Release;
		};
		5CD2D1E62AE100F0004D3D43 /* Debug */ = {
			isa = XCBuildConfiguration;
			buildSettings = {
				ASSETCATALOG_COMPILER_APPICON_NAME = AppIcon;
				ASSETCATALOG_COMPILER_GLOBAL_ACCENT_COLOR_NAME = AccentColor;
				CODE_SIGN_ENTITLEMENTS = ThiefPoliceGame/ThiefPoliceGame.entitlements;
				CODE_SIGN_STYLE = Automatic;
				CURRENT_PROJECT_VERSION = 1;
				DEVELOPMENT_ASSET_PATHS = "\"ThiefPoliceGame/Preview Content\"";
				DEVELOPMENT_TEAM = 8BYSS77GBA;
				ENABLE_HARDENED_RUNTIME = YES;
				ENABLE_PREVIEWS = YES;
				GENERATE_INFOPLIST_FILE = YES;
				"INFOPLIST_KEY_UIApplicationSceneManifest_Generation[sdk=iphoneos*]" = YES;
				"INFOPLIST_KEY_UIApplicationSceneManifest_Generation[sdk=iphonesimulator*]" = YES;
				"INFOPLIST_KEY_UIApplicationSupportsIndirectInputEvents[sdk=iphoneos*]" = YES;
				"INFOPLIST_KEY_UIApplicationSupportsIndirectInputEvents[sdk=iphonesimulator*]" = YES;
				"INFOPLIST_KEY_UILaunchScreen_Generation[sdk=iphoneos*]" = YES;
				"INFOPLIST_KEY_UILaunchScreen_Generation[sdk=iphonesimulator*]" = YES;
				"INFOPLIST_KEY_UIStatusBarStyle[sdk=iphoneos*]" = UIStatusBarStyleDefault;
				"INFOPLIST_KEY_UIStatusBarStyle[sdk=iphonesimulator*]" = UIStatusBarStyleDefault;
				INFOPLIST_KEY_UISupportedInterfaceOrientations_iPad = "UIInterfaceOrientationPortrait UIInterfaceOrientationPortraitUpsideDown UIInterfaceOrientationLandscapeLeft UIInterfaceOrientationLandscapeRight";
				INFOPLIST_KEY_UISupportedInterfaceOrientations_iPhone = "UIInterfaceOrientationPortrait UIInterfaceOrientationLandscapeLeft UIInterfaceOrientationLandscapeRight";
				IPHONEOS_DEPLOYMENT_TARGET = 17.0;
				LD_RUNPATH_SEARCH_PATHS = "@executable_path/Frameworks";
				"LD_RUNPATH_SEARCH_PATHS[sdk=macosx*]" = "@executable_path/../Frameworks";
				MACOSX_DEPLOYMENT_TARGET = 14.0;
				MARKETING_VERSION = 1.0;
				PRODUCT_BUNDLE_IDENTIFIER = com.lakshaya.ThiefPoliceGame;
				PRODUCT_NAME = "$(TARGET_NAME)";
				SDKROOT = auto;
				SUPPORTED_PLATFORMS = "iphoneos iphonesimulator macosx";
				SWIFT_EMIT_LOC_STRINGS = YES;
				SWIFT_VERSION = 5.0;
				TARGETED_DEVICE_FAMILY = "1,2";
			};
			name = Debug;
		};
		5CD2D1E72AE100F0004D3D43 /* Release */ = {
			isa = XCBuildConfiguration;
			buildSettings = {
				ASSETCATALOG_COMPILER_APPICON_NAME = AppIcon;
				ASSETCATALOG_COMPILER_GLOBAL_ACCENT_COLOR_NAME = AccentColor;
				CODE_SIGN_ENTITLEMENTS = ThiefPoliceGame/ThiefPoliceGame.entitlements;
				CODE_SIGN_STYLE = Automatic;
				CURRENT_PROJECT_VERSION = 1;
				DEVELOPMENT_ASSET_PATHS = "\"ThiefPoliceGame/Preview Content\"";
				DEVELOPMENT_TEAM = 8BYSS77GBA;
				ENABLE_HARDENED_RUNTIME = YES;
				ENABLE_PREVIEWS = YES;
				GENERATE_INFOPLIST_FILE = YES;
				"INFOPLIST_KEY_UIApplicationSceneManifest_Generation[sdk=iphoneos*]" = YES;
				"INFOPLIST_KEY_UIApplicationSceneManifest_Generation[sdk=iphonesimulator*]" = YES;
				"INFOPLIST_KEY_UIApplicationSupportsIndirectInputEvents[sdk=iphoneos*]" = YES;
				"INFOPLIST_KEY_UIApplicationSupportsIndirectInputEvents[sdk=iphonesimulator*]" = YES;
				"INFOPLIST_KEY_UILaunchScreen_Generation[sdk=iphoneos*]" = YES;
				"INFOPLIST_KEY_UILaunchScreen_Generation[sdk=iphonesimulator*]" = YES;
				"INFOPLIST_KEY_UIStatusBarStyle[sdk=iphoneos*]" = UIStatusBarStyleDefault;
				"INFOPLIST_KEY_UIStatusBarStyle[sdk=iphonesimulator*]" = UIStatusBarStyleDefault;
				INFOPLIST_KEY_UISupportedInterfaceOrientations_iPad = "UIInterfaceOrientationPortrait UIInterfaceOrientationPortraitUpsideDown UIInterfaceOrientationLandscapeLeft UIInterfaceOrientationLandscapeRight";
				INFOPLIST_KEY_UISupportedInterfaceOrientations_iPhone = "UIInterfaceOrientationPortrait UIInterfaceOrientationLandscapeLeft UIInterfaceOrientationLandscapeRight";
				IPHONEOS_DEPLOYMENT_TARGET = 17.0;
				LD_RUNPATH_SEARCH_PATHS = "@executable_path/Frameworks";
				"LD_RUNPATH_SEARCH_PATHS[sdk=macosx*]" = "@executable_path/../Frameworks";
				MACOSX_DEPLOYMENT_TARGET = 14.0;
				MARKETING_VERSION = 1.0;
				PRODUCT_BUNDLE_IDENTIFIER = com.lakshaya.ThiefPoliceGame;
				PRODUCT_NAME = "$(TARGET_NAME)";
				SDKROOT = auto;
				SUPPORTED_PLATFORMS = "iphoneos iphonesimulator macosx";
				SWIFT_EMIT_LOC_STRINGS = YES;
				SWIFT_VERSION = 5.0;
				TARGETED_DEVICE_FAMILY = "1,2";
			};
			name = Release;
		};
		5CD2D1E92AE100F0004D3D43 /* Debug */ = {
			isa = XCBuildConfiguration;
			buildSettings = {
				ALWAYS_EMBED_SWIFT_STANDARD_LIBRARIES = YES;
				BUNDLE_LOADER = "$(TEST_HOST)";
				CODE_SIGN_STYLE = Automatic;
				CURRENT_PROJECT_VERSION = 1;
				DEVELOPMENT_TEAM = 8BYSS77GBA;
				GENERATE_INFOPLIST_FILE = YES;
				IPHONEOS_DEPLOYMENT_TARGET = 17.0;
				MACOSX_DEPLOYMENT_TARGET = 14.0;
				MARKETING_VERSION = 1.0;
				PRODUCT_BUNDLE_IDENTIFIER = com.lakshaya.ThiefPoliceGameTests;
				PRODUCT_NAME = "$(TARGET_NAME)";
				SDKROOT = auto;
				SUPPORTED_PLATFORMS = "iphoneos iphonesimulator macosx";
				SWIFT_EMIT_LOC_STRINGS = NO;
				SWIFT_VERSION = 5.0;
				TARGETED_DEVICE_FAMILY = "1,2";
				TEST_HOST = "$(BUILT_PRODUCTS_DIR)/ThiefPoliceGame.app/$(BUNDLE_EXECUTABLE_FOLDER_PATH)/ThiefPoliceGame";
			};
			name = Debug;
		};
		5CD2D1EA2AE100F0004D3D43 /* Release */ = {
			isa = XCBuildConfiguration;
			buildSettings = {
				ALWAYS_EMBED_SWIFT_STANDARD_LIBRARIES = YES;
				BUNDLE_LOADER = "$(TEST_HOST)";
				CODE_SIGN_STYLE = Automatic;
				CURRENT_PROJECT_VERSION = 1;
				DEVELOPMENT_TEAM = 8BYSS77GBA;
				GENERATE_INFOPLIST_FILE = YES;
				IPHONEOS_DEPLOYMENT_TARGET = 17.0;
				MACOSX_DEPLOYMENT_TARGET = 14.0;
				MARKETING_VERSION = 1.0;
				PRODUCT_BUNDLE_IDENTIFIER = com.lakshaya.ThiefPoliceGameTests;
				PRODUCT_NAME = "$(TARGET_NAME)";
				SDKROOT = auto;
				SUPPORTED_PLATFORMS = "iphoneos iphonesimulator macosx";
				SWIFT_EMIT_LOC_STRINGS = NO;
				SWIFT_VERSION = 5.0;
				TARGETED_DEVICE_FAMILY = "1,2";
				TEST_HOST = "$(BUILT_PRODUCTS_DIR)/ThiefPoliceGame.app/$(BUNDLE_EXECUTABLE_FOLDER_PATH)/ThiefPoliceGame";
			};
			name = Release;
		};
		5CD2D1EC2AE100F0004D3D43 /* Debug */ = {
			isa = XCBuildConfiguration;
			buildSettings = {
				ALWAYS_EMBED_SWIFT_STANDARD_LIBRARIES = YES;
				CODE_SIGN_STYLE = Automatic;
				CURRENT_PROJECT_VERSION = 1;
				DEVELOPMENT_TEAM = 8BYSS77GBA;
				GENERATE_INFOPLIST_FILE = YES;
				IPHONEOS_DEPLOYMENT_TARGET = 17.0;
				MACOSX_DEPLOYMENT_TARGET = 14.0;
				MARKETING_VERSION = 1.0;
				PRODUCT_BUNDLE_IDENTIFIER = com.lakshaya.ThiefPoliceGameUITests;
				PRODUCT_NAME = "$(TARGET_NAME)";
				SDKROOT = auto;
				SUPPORTED_PLATFORMS = "iphoneos iphonesimulator macosx";
				SWIFT_EMIT_LOC_STRINGS = NO;
				SWIFT_VERSION = 5.0;
				TARGETED_DEVICE_FAMILY = "1,2";
				TEST_TARGET_NAME = ThiefPoliceGame;
			};
			name = Debug;
		};
		5CD2D1ED2AE100F0004D3D43 /* Release */ = {
			isa = XCBuildConfiguration;
			buildSettings = {
				ALWAYS_EMBED_SWIFT_STANDARD_LIBRARIES = YES;
				CODE_SIGN_STYLE = Automatic;
				CURRENT_PROJECT_VERSION = 1;
				DEVELOPMENT_TEAM = 8BYSS77GBA;
				GENERATE_INFOPLIST_FILE = YES;
				IPHONEOS_DEPLOYMENT_TARGET = 17.0;
				MACOSX_DEPLOYMENT_TARGET = 14.0;
				MARKETING_VERSION = 1.0;
				PRODUCT_BUNDLE_IDENTIFIER = com.lakshaya.ThiefPoliceGameUITests;
				PRODUCT_NAME = "$(TARGET_NAME)";
				SDKROOT = auto;
				SUPPORTED_PLATFORMS = "iphoneos iphonesimulator macosx";
				SWIFT_EMIT_LOC_STRINGS = NO;
				SWIFT_VERSION = 5.0;
				TARGETED_DEVICE_FAMILY = "1,2";
				TEST_TARGET_NAME = ThiefPoliceGame;
			};
			name = Release;
		};
/* End XCBuildConfiguration section */

/* Begin XCConfigurationList section */
		5CD2D1BB2AE100EE004D3D43 /* Build configuration list for PBXProject "ThiefPoliceGame" */ = {
			isa = XCConfigurationList;
			buildConfigurations = (
				5CD2D1E32AE100F0004D3D43 /* Debug */,
				5CD2D1E42AE100F0004D3D43 /* Release */,
			);
			defaultConfigurationIsVisible = 0;
			defaultConfigurationName = Release;
		};
		5CD2D1E52AE100F0004D3D43 /* Build configuration list for PBXNativeTarget "ThiefPoliceGame" */ = {
			isa = XCConfigurationList;
			buildConfigurations = (
				5CD2D1E62AE100F0004D3D43 /* Debug */,
				5CD2D1E72AE100F0004D3D43 /* Release */,
			);
			defaultConfigurationIsVisible = 0;
			defaultConfigurationName = Release;
		};
		5CD2D1E82AE100F0004D3D43 /* Build configuration list for PBXNativeTarget "ThiefPoliceGameTests" */ = {
			isa = XCConfigurationList;
			buildConfigurations = (
				5CD2D1E92AE100F0004D3D43 /* Debug */,
				5CD2D1EA2AE100F0004D3D43 /* Release */,
			);
			defaultConfigurationIsVisible = 0;
			defaultConfigurationName = Release;
		};
		5CD2D1EB2AE100F0004D3D43 /* Build configuration list for PBXNativeTarget "ThiefPoliceGameUITests" */ = {
			isa = XCConfigurationList;
			buildConfigurations = (
				5CD2D1EC2AE100F0004D3D43 /* Debug */,
				5CD2D1ED2AE100F0004D3D43 /* Release */,
			);
			defaultConfigurationIsVisible = 0;
			defaultConfigurationName = Release;
		};
/* End XCConfigurationList section */
	};
	rootObject = 5CD2D1B82AE100EE004D3D43 /* Project object */;
}
